// !$*UTF8*$!
{
	archiveVersion = 1;
	classes = {
	};
	objectVersion = 56;
	objects = {

/* Begin PBXBuildFile section */
		5C889ADF2BEBEE7A00E4A586 /* AppStoreApp.swift in Sources */ = {isa = PBXBuildFile; fileRef = 5C889ADE2BEBEE7A00E4A586 /* AppStoreApp.swift */; };
		5C889AE12BEBEE7A00E4A586 /* AppsView.swift in Sources */ = {isa = PBXBuildFile; fileRef = 5C889AE02BEBEE7A00E4A586 /* AppsView.swift */; };
		5C889AE32BEBEE7B00E4A586 /* Images.xcassets in Resources */ = {isa = PBXBuildFile; fileRef = 5C889AE22BEBEE7B00E4A586 /* Images.xcassets */; };
		5C889AE62BEBEE7B00E4A586 /* Preview Assets.xcassets in Resources */ = {isa = PBXBuildFile; fileRef = 5C889AE52BEBEE7B00E4A586 /* Preview Assets.xcassets */; };
		5C889AEF2BEBEED300E4A586 /* AppsViewModel.swift in Sources */ = {isa = PBXBuildFile; fileRef = 5C889AEE2BEBEED300E4A586 /* AppsViewModel.swift */; };
		5C889AFA2BEBF2B500E4A586 /* Apps.strings in Resources */ = {isa = PBXBuildFile; fileRef = 5C889AF92BEBF2B500E4A586 /* Apps.strings */; };
		5C889B022BEBF4A500E4A586 /* Strings.swift in Sources */ = {isa = PBXBuildFile; fileRef = 5C889B002BEBF4A500E4A586 /* Strings.swift */; };
		5C889B032BEBF4A500E4A586 /* Assets.swift in Sources */ = {isa = PBXBuildFile; fileRef = 5C889B012BEBF4A500E4A586 /* Assets.swift */; };
		5C889B062BEBFCED00E4A586 /* Colors.xcassets in Resources */ = {isa = PBXBuildFile; fileRef = 5C889B052BEBFCED00E4A586 /* Colors.xcassets */; };
		5C889B0A2BEBFD9800E4A586 /* CategoryDto.swift in Sources */ = {isa = PBXBuildFile; fileRef = 5C889B092BEBFD9800E4A586 /* CategoryDto.swift */; };
		5C889B0C2BEBFE4400E4A586 /* CategoryView.swift in Sources */ = {isa = PBXBuildFile; fileRef = 5C889B0B2BEBFE4400E4A586 /* CategoryView.swift */; };
		5C889B132BEC018300E4A586 /* CGFloat+Spacing.swift in Sources */ = {isa = PBXBuildFile; fileRef = 5C889B122BEC018300E4A586 /* CGFloat+Spacing.swift */; };
		5C889B182BEC117E00E4A586 /* HeaderView.swift in Sources */ = {isa = PBXBuildFile; fileRef = 5C889B172BEC117E00E4A586 /* HeaderView.swift */; };
		5C889B1A2BEC18C800E4A586 /* View+ListRowStyle.swift in Sources */ = {isa = PBXBuildFile; fileRef = 5C889B192BEC18C800E4A586 /* View+ListRowStyle.swift */; };
		5C889B1C2BEC2B5700E4A586 /* HeadLineDto.swift in Sources */ = {isa = PBXBuildFile; fileRef = 5C889B1B2BEC2B5700E4A586 /* HeadLineDto.swift */; };
		5C889B1E2BEC2C3F00E4A586 /* AppState.swift in Sources */ = {isa = PBXBuildFile; fileRef = 5C889B1D2BEC2C3F00E4A586 /* AppState.swift */; };
		5C889B202BEC2CCD00E4A586 /* HeadlineView.swift in Sources */ = {isa = PBXBuildFile; fileRef = 5C889B1F2BEC2CCD00E4A586 /* HeadlineView.swift */; };
		5C889B222BEC456900E4A586 /* View+Extensions.swift in Sources */ = {isa = PBXBuildFile; fileRef = 5C889B212BEC456900E4A586 /* View+Extensions.swift */; };
/* End PBXBuildFile section */

/* Begin PBXFileReference section */
		5C889ADB2BEBEE7A00E4A586 /* AppStore.app */ = {isa = PBXFileReference; explicitFileType = wrapper.application; includeInIndex = 0; path = AppStore.app; sourceTree = BUILT_PRODUCTS_DIR; };
		5C889ADE2BEBEE7A00E4A586 /* AppStoreApp.swift */ = {isa = PBXFileReference; lastKnownFileType = sourcecode.swift; path = AppStoreApp.swift; sourceTree = "<group>"; };
		5C889AE02BEBEE7A00E4A586 /* AppsView.swift */ = {isa = PBXFileReference; lastKnownFileType = sourcecode.swift; path = AppsView.swift; sourceTree = "<group>"; };
		5C889AE22BEBEE7B00E4A586 /* Images.xcassets */ = {isa = PBXFileReference; lastKnownFileType = folder.assetcatalog; path = Images.xcassets; sourceTree = "<group>"; };
		5C889AE52BEBEE7B00E4A586 /* Preview Assets.xcassets */ = {isa = PBXFileReference; lastKnownFileType = folder.assetcatalog; path = "Preview Assets.xcassets"; sourceTree = "<group>"; };
		5C889AEE2BEBEED300E4A586 /* AppsViewModel.swift */ = {isa = PBXFileReference; lastKnownFileType = sourcecode.swift; path = AppsViewModel.swift; sourceTree = "<group>"; };
		5C889AF92BEBF2B500E4A586 /* Apps.strings */ = {isa = PBXFileReference; lastKnownFileType = text.plist.strings; path = Apps.strings; sourceTree = "<group>"; };
		5C889AFE2BEBF40400E4A586 /* swiftgen.yml */ = {isa = PBXFileReference; lastKnownFileType = text.yaml; path = swiftgen.yml; sourceTree = "<group>"; };
		5C889B002BEBF4A500E4A586 /* Strings.swift */ = {isa = PBXFileReference; fileEncoding = 4; lastKnownFileType = sourcecode.swift; path = Strings.swift; sourceTree = "<group>"; };
		5C889B012BEBF4A500E4A586 /* Assets.swift */ = {isa = PBXFileReference; fileEncoding = 4; lastKnownFileType = sourcecode.swift; path = Assets.swift; sourceTree = "<group>"; };
		5C889B052BEBFCED00E4A586 /* Colors.xcassets */ = {isa = PBXFileReference; lastKnownFileType = folder.assetcatalog; path = Colors.xcassets; sourceTree = "<group>"; };
		5C889B092BEBFD9800E4A586 /* CategoryDto.swift */ = {isa = PBXFileReference; lastKnownFileType = sourcecode.swift; path = CategoryDto.swift; sourceTree = "<group>"; };
		5C889B0B2BEBFE4400E4A586 /* CategoryView.swift */ = {isa = PBXFileReference; lastKnownFileType = sourcecode.swift; path = CategoryView.swift; sourceTree = "<group>"; };
		5C889B122BEC018300E4A586 /* CGFloat+Spacing.swift */ = {isa = PBXFileReference; lastKnownFileType = sourcecode.swift; path = "CGFloat+Spacing.swift"; sourceTree = "<group>"; };
		5C889B172BEC117E00E4A586 /* HeaderView.swift */ = {isa = PBXFileReference; lastKnownFileType = sourcecode.swift; path = HeaderView.swift; sourceTree = "<group>"; };
		5C889B192BEC18C800E4A586 /* View+ListRowStyle.swift */ = {isa = PBXFileReference; lastKnownFileType = sourcecode.swift; path = "View+ListRowStyle.swift"; sourceTree = "<group>"; };
		5C889B1B2BEC2B5700E4A586 /* HeadLineDto.swift */ = {isa = PBXFileReference; lastKnownFileType = sourcecode.swift; path = HeadLineDto.swift; sourceTree = "<group>"; };
		5C889B1D2BEC2C3F00E4A586 /* AppState.swift */ = {isa = PBXFileReference; lastKnownFileType = sourcecode.swift; path = AppState.swift; sourceTree = "<group>"; };
		5C889B1F2BEC2CCD00E4A586 /* HeadlineView.swift */ = {isa = PBXFileReference; lastKnownFileType = sourcecode.swift; path = HeadlineView.swift; sourceTree = "<group>"; };
		5C889B212BEC456900E4A586 /* View+Extensions.swift */ = {isa = PBXFileReference; lastKnownFileType = sourcecode.swift; path = "View+Extensions.swift"; sourceTree = "<group>"; };
/* End PBXFileReference section */

/* Begin PBXFrameworksBuildPhase section */
		5C889AD82BEBEE7A00E4A586 /* Frameworks */ = {
			isa = PBXFrameworksBuildPhase;
			buildActionMask = 2147483647;
			files = (
			);
			runOnlyForDeploymentPostprocessing = 0;
		};
/* End PBXFrameworksBuildPhase section */

/* Begin PBXGroup section */
		5C889AD22BEBEE7A00E4A586 = {
			isa = PBXGroup;
			children = (
				5C889ADD2BEBEE7A00E4A586 /* AppStore */,
				5C889ADC2BEBEE7A00E4A586 /* Products */,
			);
			sourceTree = "<group>";
		};
		5C889ADC2BEBEE7A00E4A586 /* Products */ = {
			isa = PBXGroup;
			children = (
				5C889ADB2BEBEE7A00E4A586 /* AppStore.app */,
			);
			name = Products;
			sourceTree = "<group>";
		};
		5C889ADD2BEBEE7A00E4A586 /* AppStore */ = {
			isa = PBXGroup;
			children = (
				5C889AF52BEBF0EE00E4A586 /* Data */,
				5C889AF22BEBF01800E4A586 /* Logic */,
				5C889AEC2BEBEEA900E4A586 /* Views */,
				5C889AF02BEBEEFF00E4A586 /* Resources */,
				5C889ADE2BEBEE7A00E4A586 /* AppStoreApp.swift */,
				5C889AE42BEBEE7B00E4A586 /* Preview Content */,
			);
			path = AppStore;
			sourceTree = "<group>";
		};
		5C889AE42BEBEE7B00E4A586 /* Preview Content */ = {
			isa = PBXGroup;
			children = (
				5C889AE52BEBEE7B00E4A586 /* Preview Assets.xcassets */,
			);
			path = "Preview Content";
			sourceTree = "<group>";
		};
		5C889AEC2BEBEEA900E4A586 /* Views */ = {
			isa = PBXGroup;
			children = (
				5C889B112BEC016900E4A586 /* Extensions */,
				5C889B0D2BEBFFEF00E4A586 /* Apps */,
			);
			path = Views;
			sourceTree = "<group>";
		};
		5C889AF02BEBEEFF00E4A586 /* Resources */ = {
			isa = PBXGroup;
			children = (
				5C889AFE2BEBF40400E4A586 /* swiftgen.yml */,
				5C889AFF2BEBF41400E4A586 /* SwiftGen */,
				5C889AF82BEBF29F00E4A586 /* Localizables */,
				5C889B042BEBFC0100E4A586 /* Assets */,
			);
			path = Resources;
			sourceTree = "<group>";
		};
		5C889AF22BEBF01800E4A586 /* Logic */ = {
			isa = PBXGroup;
			children = (
				5C889AEE2BEBEED300E4A586 /* AppsViewModel.swift */,
			);
			path = Logic;
			sourceTree = "<group>";
		};
		5C889AF52BEBF0EE00E4A586 /* Data */ = {
			isa = PBXGroup;
			children = (
				5C889B082BEBFD8A00E4A586 /* Dto */,
			);
			path = Data;
			sourceTree = "<group>";
		};
		5C889AF82BEBF29F00E4A586 /* Localizables */ = {
			isa = PBXGroup;
			children = (
				5C889AF92BEBF2B500E4A586 /* Apps.strings */,
			);
			path = Localizables;
			sourceTree = "<group>";
		};
		5C889AFF2BEBF41400E4A586 /* SwiftGen */ = {
			isa = PBXGroup;
			children = (
				5C889B012BEBF4A500E4A586 /* Assets.swift */,
				5C889B002BEBF4A500E4A586 /* Strings.swift */,
			);
			path = SwiftGen;
			sourceTree = "<group>";
		};
		5C889B042BEBFC0100E4A586 /* Assets */ = {
			isa = PBXGroup;
			children = (
				5C889AE22BEBEE7B00E4A586 /* Images.xcassets */,
				5C889B052BEBFCED00E4A586 /* Colors.xcassets */,
			);
			path = Assets;
			sourceTree = "<group>";
		};
		5C889B082BEBFD8A00E4A586 /* Dto */ = {
			isa = PBXGroup;
			children = (
				5C889B092BEBFD9800E4A586 /* CategoryDto.swift */,
				5C889B1B2BEC2B5700E4A586 /* HeadLineDto.swift */,
				5C889B1D2BEC2C3F00E4A586 /* AppState.swift */,
			);
			path = Dto;
			sourceTree = "<group>";
		};
		5C889B0D2BEBFFEF00E4A586 /* Apps */ = {
			isa = PBXGroup;
			children = (
				5C889AE02BEBEE7A00E4A586 /* AppsView.swift */,
				5C889B0B2BEBFE4400E4A586 /* CategoryView.swift */,
				5C889B172BEC117E00E4A586 /* HeaderView.swift */,
				5C889B1F2BEC2CCD00E4A586 /* HeadlineView.swift */,
			);
			path = Apps;
			sourceTree = "<group>";
		};
		5C889B112BEC016900E4A586 /* Extensions */ = {
			isa = PBXGroup;
			children = (
				5C889B122BEC018300E4A586 /* CGFloat+Spacing.swift */,
				5C889B192BEC18C800E4A586 /* View+ListRowStyle.swift */,
				5C889B212BEC456900E4A586 /* View+Extensions.swift */,
			);
			path = Extensions;
			sourceTree = "<group>";
		};
/* End PBXGroup section */

/* Begin PBXNativeTarget section */
		5C889ADA2BEBEE7A00E4A586 /* AppStore */ = {
			isa = PBXNativeTarget;
			buildConfigurationList = 5C889AE92BEBEE7B00E4A586 /* Build configuration list for PBXNativeTarget "AppStore" */;
			buildPhases = (
				5C889AFB2BEBF36900E4A586 /* SwiftGen */,
				5C889AD72BEBEE7A00E4A586 /* Sources */,
				5C889AD82BEBEE7A00E4A586 /* Frameworks */,
				5C889AD92BEBEE7A00E4A586 /* Resources */,
			);
			buildRules = (
			);
			dependencies = (
			);
			name = AppStore;
			productName = AppStore;
			productReference = 5C889ADB2BEBEE7A00E4A586 /* AppStore.app */;
			productType = "com.apple.product-type.application";
		};
/* End PBXNativeTarget section */

/* Begin PBXProject section */
		5C889AD32BEBEE7A00E4A586 /* Project object */ = {
			isa = PBXProject;
			attributes = {
				BuildIndependentTargetsInParallel = 1;
				LastSwiftUpdateCheck = 1500;
				LastUpgradeCheck = 1500;
				TargetAttributes = {
					5C889ADA2BEBEE7A00E4A586 = {
						CreatedOnToolsVersion = 15.0;
					};
				};
			};
			buildConfigurationList = 5C889AD62BEBEE7A00E4A586 /* Build configuration list for PBXProject "AppStore" */;
			compatibilityVersion = "Xcode 14.0";
			developmentRegion = en;
			hasScannedForEncodings = 0;
			knownRegions = (
				en,
				Base,
			);
			mainGroup = 5C889AD22BEBEE7A00E4A586;
			productRefGroup = 5C889ADC2BEBEE7A00E4A586 /* Products */;
			projectDirPath = "";
			projectRoot = "";
			targets = (
				5C889ADA2BEBEE7A00E4A586 /* AppStore */,
			);
		};
/* End PBXProject section */

/* Begin PBXResourcesBuildPhase section */
		5C889AD92BEBEE7A00E4A586 /* Resources */ = {
			isa = PBXResourcesBuildPhase;
			buildActionMask = 2147483647;
			files = (
				5C889AFA2BEBF2B500E4A586 /* Apps.strings in Resources */,
				5C889B062BEBFCED00E4A586 /* Colors.xcassets in Resources */,
				5C889AE62BEBEE7B00E4A586 /* Preview Assets.xcassets in Resources */,
				5C889AE32BEBEE7B00E4A586 /* Images.xcassets in Resources */,
			);
			runOnlyForDeploymentPostprocessing = 0;
		};
/* End PBXResourcesBuildPhase section */

/* Begin PBXShellScriptBuildPhase section */
		5C889AFB2BEBF36900E4A586 /* SwiftGen */ = {
			isa = PBXShellScriptBuildPhase;
			buildActionMask = 2147483647;
			files = (
			);
			inputFileListPaths = (
			);
			inputPaths = (
			);
			name = SwiftGen;
			outputFileListPaths = (
			);
			outputPaths = (
			);
			runOnlyForDeploymentPostprocessing = 0;
			shellPath = /bin/sh;
			shellScript = "SWIFTGEN='/opt/homebrew/bin/swiftgen'\n\ncd \"${PROJECT_DIR}/AppStore/Resources\"\n\nif which $SWIFTGEN > /dev/null; then\n    $SWIFTGEN\nelse\n    echo \"BUILD ERROR: You need to brew install swiftgen\"\n    exit 1\nfi\n";
		};
/* End PBXShellScriptBuildPhase section */

/* Begin PBXSourcesBuildPhase section */
		5C889AD72BEBEE7A00E4A586 /* Sources */ = {
			isa = PBXSourcesBuildPhase;
			buildActionMask = 2147483647;
			files = (
				5C889AE12BEBEE7A00E4A586 /* AppsView.swift in Sources */,
				5C889B0C2BEBFE4400E4A586 /* CategoryView.swift in Sources */,
				5C889B0A2BEBFD9800E4A586 /* CategoryDto.swift in Sources */,
				5C889B1E2BEC2C3F00E4A586 /* AppState.swift in Sources */,
				5C889AEF2BEBEED300E4A586 /* AppsViewModel.swift in Sources */,
				5C889B1C2BEC2B5700E4A586 /* HeadLineDto.swift in Sources */,
				5C889B022BEBF4A500E4A586 /* Strings.swift in Sources */,
				5C889B182BEC117E00E4A586 /* HeaderView.swift in Sources */,
				5C889B202BEC2CCD00E4A586 /* HeadlineView.swift in Sources */,
				5C889B132BEC018300E4A586 /* CGFloat+Spacing.swift in Sources */,
				5C889B222BEC456900E4A586 /* View+Extensions.swift in Sources */,
				5C889B032BEBF4A500E4A586 /* Assets.swift in Sources */,
				5C889ADF2BEBEE7A00E4A586 /* AppStoreApp.swift in Sources */,
				5C889B1A2BEC18C800E4A586 /* View+ListRowStyle.swift in Sources */,
			);
			runOnlyForDeploymentPostprocessing = 0;
		};
/* End PBXSourcesBuildPhase section */

/* Begin XCBuildConfiguration section */
		5C889AE72BEBEE7B00E4A586 /* Debug */ = {
			isa = XCBuildConfiguration;
			buildSettings = {
				ALWAYS_SEARCH_USER_PATHS = NO;
				ASSETCATALOG_COMPILER_GENERATE_SWIFT_ASSET_SYMBOL_EXTENSIONS = YES;
				CLANG_ANALYZER_NONNULL = YES;
				CLANG_ANALYZER_NUMBER_OBJECT_CONVERSION = YES_AGGRESSIVE;
				CLANG_CXX_LANGUAGE_STANDARD = "gnu++20";
				CLANG_ENABLE_MODULES = YES;
				CLANG_ENABLE_OBJC_ARC = YES;
				CLANG_ENABLE_OBJC_WEAK = YES;
				CLANG_WARN_BLOCK_CAPTURE_AUTORELEASING = YES;
				CLANG_WARN_BOOL_CONVERSION = YES;
				CLANG_WARN_COMMA = YES;
				CLANG_WARN_CONSTANT_CONVERSION = YES;
				CLANG_WARN_DEPRECATED_OBJC_IMPLEMENTATIONS = YES;
				CLANG_WARN_DIRECT_OBJC_ISA_USAGE = YES_ERROR;
				CLANG_WARN_DOCUMENTATION_COMMENTS = YES;
				CLANG_WARN_EMPTY_BODY = YES;
				CLANG_WARN_ENUM_CONVERSION = YES;
				CLANG_WARN_INFINITE_RECURSION = YES;
				CLANG_WARN_INT_CONVERSION = YES;
				CLANG_WARN_NON_LITERAL_NULL_CONVERSION = YES;
				CLANG_WARN_OBJC_IMPLICIT_RETAIN_SELF = YES;
				CLANG_WARN_OBJC_LITERAL_CONVERSION = YES;
				CLANG_WARN_OBJC_ROOT_CLASS = YES_ERROR;
				CLANG_WARN_QUOTED_INCLUDE_IN_FRAMEWORK_HEADER = YES;
				CLANG_WARN_RANGE_LOOP_ANALYSIS = YES;
				CLANG_WARN_STRICT_PROTOTYPES = YES;
				CLANG_WARN_SUSPICIOUS_MOVE = YES;
				CLANG_WARN_UNGUARDED_AVAILABILITY = YES_AGGRESSIVE;
				CLANG_WARN_UNREACHABLE_CODE = YES;
				CLANG_WARN__DUPLICATE_METHOD_MATCH = YES;
				COPY_PHASE_STRIP = NO;
				DEBUG_INFORMATION_FORMAT = dwarf;
				ENABLE_STRICT_OBJC_MSGSEND = YES;
				ENABLE_TESTABILITY = YES;
				ENABLE_USER_SCRIPT_SANDBOXING = YES;
				GCC_C_LANGUAGE_STANDARD = gnu17;
				GCC_DYNAMIC_NO_PIC = NO;
				GCC_NO_COMMON_BLOCKS = YES;
				GCC_OPTIMIZATION_LEVEL = 0;
				GCC_PREPROCESSOR_DEFINITIONS = (
					"DEBUG=1",
					"$(inherited)",
				);
				GCC_WARN_64_TO_32_BIT_CONVERSION = YES;
				GCC_WARN_ABOUT_RETURN_TYPE = YES_ERROR;
				GCC_WARN_UNDECLARED_SELECTOR = YES;
				GCC_WARN_UNINITIALIZED_AUTOS = YES_AGGRESSIVE;
				GCC_WARN_UNUSED_FUNCTION = YES;
				GCC_WARN_UNUSED_VARIABLE = YES;
				IPHONEOS_DEPLOYMENT_TARGET = 17.0;
				LOCALIZATION_PREFERS_STRING_CATALOGS = YES;
				MTL_ENABLE_DEBUG_INFO = INCLUDE_SOURCE;
				MTL_FAST_MATH = YES;
				ONLY_ACTIVE_ARCH = YES;
				SDKROOT = iphoneos;
				SWIFT_ACTIVE_COMPILATION_CONDITIONS = "DEBUG $(inherited)";
				SWIFT_OPTIMIZATION_LEVEL = "-Onone";
			};
			name = Debug;
		};
		5C889AE82BEBEE7B00E4A586 /* Release */ = {
			isa = XCBuildConfiguration;
			buildSettings = {
				ALWAYS_SEARCH_USER_PATHS = NO;
				ASSETCATALOG_COMPILER_GENERATE_SWIFT_ASSET_SYMBOL_EXTENSIONS = YES;
				CLANG_ANALYZER_NONNULL = YES;
				CLANG_ANALYZER_NUMBER_OBJECT_CONVERSION = YES_AGGRESSIVE;
				CLANG_CXX_LANGUAGE_STANDARD = "gnu++20";
				CLANG_ENABLE_MODULES = YES;
				CLANG_ENABLE_OBJC_ARC = YES;
				CLANG_ENABLE_OBJC_WEAK = YES;
				CLANG_WARN_BLOCK_CAPTURE_AUTORELEASING = YES;
				CLANG_WARN_BOOL_CONVERSION = YES;
				CLANG_WARN_COMMA = YES;
				CLANG_WARN_CONSTANT_CONVERSION = YES;
				CLANG_WARN_DEPRECATED_OBJC_IMPLEMENTATIONS = YES;
				CLANG_WARN_DIRECT_OBJC_ISA_USAGE = YES_ERROR;
				CLANG_WARN_DOCUMENTATION_COMMENTS = YES;
				CLANG_WARN_EMPTY_BODY = YES;
				CLANG_WARN_ENUM_CONVERSION = YES;
				CLANG_WARN_INFINITE_RECURSION = YES;
				CLANG_WARN_INT_CONVERSION = YES;
				CLANG_WARN_NON_LITERAL_NULL_CONVERSION = YES;
				CLANG_WARN_OBJC_IMPLICIT_RETAIN_SELF = YES;
				CLANG_WARN_OBJC_LITERAL_CONVERSION = YES;
				CLANG_WARN_OBJC_ROOT_CLASS = YES_ERROR;
				CLANG_WARN_QUOTED_INCLUDE_IN_FRAMEWORK_HEADER = YES;
				CLANG_WARN_RANGE_LOOP_ANALYSIS = YES;
				CLANG_WARN_STRICT_PROTOTYPES = YES;
				CLANG_WARN_SUSPICIOUS_MOVE = YES;
				CLANG_WARN_UNGUARDED_AVAILABILITY = YES_AGGRESSIVE;
				CLANG_WARN_UNREACHABLE_CODE = YES;
				CLANG_WARN__DUPLICATE_METHOD_MATCH = YES;
				COPY_PHASE_STRIP = NO;
				DEBUG_INFORMATION_FORMAT = "dwarf-with-dsym";
				ENABLE_NS_ASSERTIONS = NO;
				ENABLE_STRICT_OBJC_MSGSEND = YES;
				ENABLE_USER_SCRIPT_SANDBOXING = YES;
				GCC_C_LANGUAGE_STANDARD = gnu17;
				GCC_NO_COMMON_BLOCKS = YES;
				GCC_WARN_64_TO_32_BIT_CONVERSION = YES;
				GCC_WARN_ABOUT_RETURN_TYPE = YES_ERROR;
				GCC_WARN_UNDECLARED_SELECTOR = YES;
				GCC_WARN_UNINITIALIZED_AUTOS = YES_AGGRESSIVE;
				GCC_WARN_UNUSED_FUNCTION = YES;
				GCC_WARN_UNUSED_VARIABLE = YES;
				IPHONEOS_DEPLOYMENT_TARGET = 17.0;
				LOCALIZATION_PREFERS_STRING_CATALOGS = YES;
				MTL_ENABLE_DEBUG_INFO = NO;
				MTL_FAST_MATH = YES;
				SDKROOT = iphoneos;
				SWIFT_COMPILATION_MODE = wholemodule;
				VALIDATE_PRODUCT = YES;
			};
			name = Release;
		};
		5C889AEA2BEBEE7B00E4A586 /* Debug */ = {
			isa = XCBuildConfiguration;
			buildSettings = {
				ASSETCATALOG_COMPILER_APPICON_NAME = AppIcon;
				ASSETCATALOG_COMPILER_GLOBAL_ACCENT_COLOR_NAME = AccentColor;
				CODE_SIGN_STYLE = Automatic;
				CURRENT_PROJECT_VERSION = 1;
				DEVELOPMENT_ASSET_PATHS = "\"AppStore/Preview Content\"";
				DEVELOPMENT_TEAM = UMKD57ZP7B;
				ENABLE_PREVIEWS = YES;
				ENABLE_USER_SCRIPT_SANDBOXING = NO;
				GENERATE_INFOPLIST_FILE = YES;
				INFOPLIST_KEY_UIApplicationSceneManifest_Generation = YES;
				INFOPLIST_KEY_UIApplicationSupportsIndirectInputEvents = YES;
				INFOPLIST_KEY_UILaunchScreen_Generation = YES;
				INFOPLIST_KEY_UISupportedInterfaceOrientations_iPad = "UIInterfaceOrientationPortrait UIInterfaceOrientationPortraitUpsideDown UIInterfaceOrientationLandscapeLeft UIInterfaceOrientationLandscapeRight";
				INFOPLIST_KEY_UISupportedInterfaceOrientations_iPhone = "UIInterfaceOrientationPortrait UIInterfaceOrientationLandscapeLeft UIInterfaceOrientationLandscapeRight";
				LD_RUNPATH_SEARCH_PATHS = (
					"$(inherited)",
					"@executable_path/Frameworks",
				);
				MARKETING_VERSION = 1.0;
				PRODUCT_BUNDLE_IDENTIFIER = com.hq.appstore.test;
				PRODUCT_NAME = "$(TARGET_NAME)";
				SWIFT_EMIT_LOC_STRINGS = YES;
				SWIFT_VERSION = 5.0;
				TARGETED_DEVICE_FAMILY = "1,2";
			};
			name = Debug;
		};
		5C889AEB2BEBEE7B00E4A586 /* Release */ = {
			isa = XCBuildConfiguration;
			buildSettings = {
				ASSETCATALOG_COMPILER_APPICON_NAME = AppIcon;
				ASSETCATALOG_COMPILER_GLOBAL_ACCENT_COLOR_NAME = AccentColor;
				CODE_SIGN_STYLE = Automatic;
				CURRENT_PROJECT_VERSION = 1;
				DEVELOPMENT_ASSET_PATHS = "\"AppStore/Preview Content\"";
				DEVELOPMENT_TEAM = UMKD57ZP7B;
				ENABLE_PREVIEWS = YES;
				ENABLE_USER_SCRIPT_SANDBOXING = NO;
				GENERATE_INFOPLIST_FILE = YES;
				INFOPLIST_KEY_UIApplicationSceneManifest_Generation = YES;
				INFOPLIST_KEY_UIApplicationSupportsIndirectInputEvents = YES;
				INFOPLIST_KEY_UILaunchScreen_Generation = YES;
				INFOPLIST_KEY_UISupportedInterfaceOrientations_iPad = "UIInterfaceOrientationPortrait UIInterfaceOrientationPortraitUpsideDown UIInterfaceOrientationLandscapeLeft UIInterfaceOrientationLandscapeRight";
				INFOPLIST_KEY_UISupportedInterfaceOrientations_iPhone = "UIInterfaceOrientationPortrait UIInterfaceOrientationLandscapeLeft UIInterfaceOrientationLandscapeRight";
				LD_RUNPATH_SEARCH_PATHS = (
					"$(inherited)",
					"@executable_path/Frameworks",
				);
				MARKETING_VERSION = 1.0;
				PRODUCT_BUNDLE_IDENTIFIER = com.hq.appstore.test;
				PRODUCT_NAME = "$(TARGET_NAME)";
				SWIFT_EMIT_LOC_STRINGS = YES;
				SWIFT_VERSION = 5.0;
				TARGETED_DEVICE_FAMILY = "1,2";
			};
			name = Release;
		};
/* End XCBuildConfiguration section */

/* Begin XCConfigurationList section */
		5C889AD62BEBEE7A00E4A586 /* Build configuration list for PBXProject "AppStore" */ = {
			isa = XCConfigurationList;
			buildConfigurations = (
				5C889AE72BEBEE7B00E4A586 /* Debug */,
				5C889AE82BEBEE7B00E4A586 /* Release */,
			);
			defaultConfigurationIsVisible = 0;
			defaultConfigurationName = Release;
		};
		5C889AE92BEBEE7B00E4A586 /* Build configuration list for PBXNativeTarget "AppStore" */ = {
			isa = XCConfigurationList;
			buildConfigurations = (
				5C889AEA2BEBEE7B00E4A586 /* Debug */,
				5C889AEB2BEBEE7B00E4A586 /* Release */,
			);
			defaultConfigurationIsVisible = 0;
			defaultConfigurationName = Release;
		};
/* End XCConfigurationList section */
	};
	rootObject = 5C889AD32BEBEE7A00E4A586 /* Project object */;
}
